
Microsoft Visual Studio Solution File, Format Version 12.00
# Visual Studio Version 16
VisualStudioVersion = 16.0.31515.178
MinimumVisualStudioVersion = 10.0.40219.1
Project("{FAE04EC0-301F-11D3-BF4B-00C04F79EFBC}") = "Uygulama", "Uygulama\Uygulama.csproj", "{A8B7E451-2866-4AEB-A255-876FCE1E472E}"
EndProject
Global
	GlobalSection(SolutionConfigurationPlatforms) = preSolution
		Debug|Any CPU = Debug|Any CPU
		Release|Any CPU = Release|Any CPU
	EndGlobalSection
	GlobalSection(ProjectConfigurationPlatforms) = postSolution
		{A8B7E451-2866-4AEB-A255-876FCE1E472E}.Debug|Any CPU.ActiveCfg = Debug|Any CPU
		{A8B7E451-2866-4AEB-A255-876FCE1E472E}.Debug|Any CPU.Build.0 = Debug|Any CPU
		{A8B7E451-2866-4AEB-A255-876FCE1E472E}.Release|Any CPU.ActiveCfg = Release|Any CPU
		{A8B7E451-2866-4AEB-A255-876FCE1E472E}.Release|Any CPU.Build.0 = Release|Any CPU
	EndGlobalSection
	GlobalSection(SolutionProperties) = preSolution
		HideSolutionNode = FALSE
	EndGlobalSection
	GlobalSection(ExtensibilityGlobals) = postSolution
		SolutionGuid = {7F94A835-84C0-41B6-859F-650B80776294}
	EndGlobalSection
EndGlobal
